
Microsoft Visual Studio Solution File, Format Version 12.00
# Visual Studio Version 16
VisualStudioVersion = 16.0.29519.87
MinimumVisualStudioVersion = 10.0.40219.1
Project("{FAE04EC0-301F-11D3-BF4B-00C04F79EFBC}") = "Animals.Web", "Animals.Web\Animals.Web.csproj", "{6FA5EB86-0CCB-47BB-AC51-5646B707659F}"
EndProject
Global
	GlobalSection(SolutionConfigurationPlatforms) = preSolution
		Debug|Any CPU = Debug|Any CPU
		Release|Any CPU = Release|Any CPU
	EndGlobalSection
	GlobalSection(ProjectConfigurationPlatforms) = postSolution
		{6FA5EB86-0CCB-47BB-AC51-5646B707659F}.Debug|Any CPU.ActiveCfg = Debug|Any CPU
		{6FA5EB86-0CCB-47BB-AC51-5646B707659F}.Debug|Any CPU.Build.0 = Debug|Any CPU
		{6FA5EB86-0CCB-47BB-AC51-5646B707659F}.Release|Any CPU.ActiveCfg = Release|Any CPU
		{6FA5EB86-0CCB-47BB-AC51-5646B707659F}.Release|Any CPU.Build.0 = Release|Any CPU
	EndGlobalSection
	GlobalSection(SolutionProperties) = preSolution
		HideSolutionNode = FALSE
	EndGlobalSection
	GlobalSection(ExtensibilityGlobals) = postSolution
		SolutionGuid = {FE63EE00-4AF1-40AD-93AF-CD19227155CB}
	EndGlobalSection
EndGlobal
